{
  "version": 4,
  "terraform_version": "1.6.3",
  "serial": 696,
  "lineage": "0f5c6392-d573-6698-835a-8567d527185a",
  "outputs": {},
  "resources": [
    {
      "mode": "data",
      "type": "azurerm_client_config",
      "name": "current",
      "provider": "provider[\"registry.terraform.io/hashicorp/azurerm\"]",
      "instances": [
        {
          "schema_version": 0,
          "attributes": {
            "client_id": "04b07795-8ddb-461a-bbee-02f9e1bf7b46",
            "id": "Y2xpZW50Q29uZmlncy9jbGllbnRJZD0wNGIwNzc5NS04ZGRiLTQ2MWEtYmJlZS0wMmY5ZTFiZjdiNDY7b2JqZWN0SWQ9YmU0MGQ1ZDItZGY4Zi00ZTFlLTg5MjUtNmQ5ZTEzMGYzMzFjO3N1YnNjcmlwdGlvbklkPTZlYTZmOWY3LTBhMjgtNDVhMS1iNjNkLWMwNDVkNzMwMjZmMjt0ZW5hbnRJZD0wMzAyNGY0NC1lM2FkLTRiMmMtYjg1Yi1kMWE3NDRiMGI3MGY=",
            "object_id": "be40d5d2-df8f-4e1e-8925-6d9e130f331c",
            "subscription_id": "6ea6f9f7-0a28-45a1-b63d-c045d73026f2",
            "tenant_id": "03024f44-e3ad-4b2c-b85b-d1a744b0b70f",
            "timeouts": null
          },
          "sensitive_attributes": []
        }
      ]
    },
    {
      "mode": "data",
      "type": "azurerm_key_vault_certificate",
      "name": "cert",
      "provider": "provider[\"registry.terraform.io/hashicorp/azurerm\"]",
      "instances": [
        {
          "schema_version": 0,
          "attributes": {
            "certificate_data": "30820405308202EDA00302010202146CDD1E18A16FA2EFDF04203D27296C23F0443773300D06092A864886F70D01010B0500308191310B3009060355040613024E47310C300A06035504080C034F594F310F300D06035504070C0649424144414E3121301F060355040A0C18496E7465726E6574205769646769747320507479204C74643119301706035504030C106D796461766964636C6F75642E78797A3125302306092A864886F70D01090116166461766964616B616C75676F40676D61696C2E636F6D301E170D3233313131323132333434305A170D3234313131313132333434305A308191310B3009060355040613024E47310C300A06035504080C034F594F310F300D06035504070C0649424144414E3121301F060355040A0C18496E7465726E6574205769646769747320507479204C74643119301706035504030C106D796461766964636C6F75642E78797A3125302306092A864886F70D01090116166461766964616B616C75676F40676D61696C2E636F6D30820122300D06092A864886F70D01010105000382010F003082010A0282010100B8C4C4568401FBA7D2015AC515092CC816140054A3D982D3E2A92A7DC972583D5F7127B571D14D5957EF1BDC47CAE5BED2A78F31F6B0DCCD9829D38ADEF440C274FAD4802DA74225E140C24D6206DE92DBCD093BE3C44175860874565B7455DBF9110DD7672B2F81603D693A1649786D672982AAAF5F61E0BC7DC8F31BD1BFEDE756EFA73B5409F17B0B0C68BD76F1ED3B0EDC4BC7D2E20FE4FAD2F98A481EE16C6D7817EA084B6CF14E3C79C0773C51C52D3E33E23ABFA3FC310971DE98F04F9A0A27BED413CE054D0C0565F3685F0B7F4C28E91A37C03FF850CABAE64E647A0CD7A65F07B84AE006C17C4C02AA515C69968E15790DEE691AE70D369F772FEB0203010001A3533051301D0603551D0E04160414D7FB4249EDE0316F2854AB1536FE0EECC49E7BF6301F0603551D23041830168014D7FB4249EDE0316F2854AB1536FE0EECC49E7BF6300F0603551D130101FF040530030101FF300D06092A864886F70D01010B05000382010100792F7D39AFB1CB9BED843978CA5EB320C1BE2B1EF999A6DF6D19A89D75F58CBE418BCBB5DCAA38BA410A30890D059EEF60717DDBCB31D415381846D1E762E5E4FE8FE108A5D9E43C24F68A4E686763B407C3915BB615912933D8A3D9B6C2F89BF8BE2551BE99A2C886877DEC1A67C608B33E747D9C35164837E80BAB3481A9DCD80DC89F20AB03C152E1BB7320B05F118A669CB0092EBA7D65DC3590B9080BC5F92F82A6A3E68D9B31D3E818FA9BD6B8A5AFB7C4FEC6DED030AF8107DC2A2FAF902F8EE4745BB0FA1FB507D08A83668D17CDD0FA94D5D042CF9105BC158E5D80D1F463139D7C0C87640BE3FFBB4FD67666A0A4E8E4F36165ED33314CEBD289FA",
            "certificate_data_base64": "MIIEBTCCAu2gAwIBAgIUbN0eGKFvou/fBCA9JylsI/BEN3MwDQYJKoZIhvcNAQELBQAwgZExCzAJBgNVBAYTAk5HMQwwCgYDVQQIDANPWU8xDzANBgNVBAcMBklCQURBTjEhMB8GA1UECgwYSW50ZXJuZXQgV2lkZ2l0cyBQdHkgTHRkMRkwFwYDVQQDDBBteWRhdmlkY2xvdWQueHl6MSUwIwYJKoZIhvcNAQkBFhZkYXZpZGFrYWx1Z29AZ21haWwuY29tMB4XDTIzMTExMjEyMzQ0MFoXDTI0MTExMTEyMzQ0MFowgZExCzAJBgNVBAYTAk5HMQwwCgYDVQQIDANPWU8xDzANBgNVBAcMBklCQURBTjEhMB8GA1UECgwYSW50ZXJuZXQgV2lkZ2l0cyBQdHkgTHRkMRkwFwYDVQQDDBBteWRhdmlkY2xvdWQueHl6MSUwIwYJKoZIhvcNAQkBFhZkYXZpZGFrYWx1Z29AZ21haWwuY29tMIIBIjANBgkqhkiG9w0BAQEFAAOCAQ8AMIIBCgKCAQEAuMTEVoQB+6fSAVrFFQksyBYUAFSj2YLT4qkqfclyWD1fcSe1cdFNWVfvG9xHyuW+0qePMfaw3M2YKdOK3vRAwnT61IAtp0Il4UDCTWIG3pLbzQk748RBdYYIdFZbdFXb+REN12crL4FgPWk6Fkl4bWcpgqqvX2HgvH3I8xvRv+3nVu+nO1QJ8XsLDGi9dvHtOw7cS8fS4g/k+tL5ikge4WxteBfqCEts8U48ecB3PFHFLT4z4jq/o/wxCXHemPBPmgonvtQTzgVNDAVl82hfC39MKOkaN8A/+FDKuuZOZHoM16ZfB7hK4AbBfEwCqlFcaZaOFXkN7mka5w02n3cv6wIDAQABo1MwUTAdBgNVHQ4EFgQU1/tCSe3gMW8oVKsVNv4O7MSee/YwHwYDVR0jBBgwFoAU1/tCSe3gMW8oVKsVNv4O7MSee/YwDwYDVR0TAQH/BAUwAwEB/zANBgkqhkiG9w0BAQsFAAOCAQEAeS99Oa+xy5vthDl4yl6zIMG+Kx75mabfbRmonXX1jL5Bi8u13Ko4ukEKMIkNBZ7vYHF928sx1BU4GEbR52Ll5P6P4Qil2eQ8JPaKTmhnY7QHw5FbthWRKTPYo9m2wvib+L4lUb6ZosiGh33sGmfGCLM+dH2cNRZIN+gLqzSBqdzYDcifIKsDwVLhu3MgsF8RimacsAkuun1l3DWQuQgLxfkvgqaj5o2bMdPoGPqb1rilr7fE/sbe0DCvgQfcKi+vkC+O5HRbsPoftQfQioNmjRfN0PqU1dBCz5EFvBWOXYDR9GMTnXwMh2QL4/+7T9Z2ZqCk6OTzYWXtMzFM69KJ+g==",
            "certificate_policy": [
              {
                "issuer_parameters": [
                  {
                    "name": "Unknown"
                  }
                ],
                "key_properties": [
                  {
                    "curve": "",
                    "exportable": true,
                    "key_size": 2048,
                    "key_type": "RSA",
                    "reuse_key": false
                  }
                ],
                "lifetime_action": [
                  {
                    "action": [
                      {
                        "action_type": "EmailContacts"
                      }
                    ],
                    "trigger": [
                      {
                        "days_before_expiry": 10,
                        "lifetime_percentage": 0
                      }
                    ]
                  }
                ],
                "secret_properties": [
                  {
                    "content_type": "application/x-pkcs12"
                  }
                ],
                "x509_certificate_properties": [
                  {
                    "extended_key_usage": [],
                    "key_usage": [],
                    "subject": "E=davidakalugo@gmail.com, CN=mydavidcloud.xyz, O=Internet Widgits Pty Ltd, L=IBADAN, S=OYO, C=NG",
                    "subject_alternative_names": [],
                    "validity_in_months": 12
                  }
                ]
              }
            ],
            "expires": "2024-11-11T12:34:40Z",
            "id": "https://benmykv.vault.azure.net/certificates/mydavidcloudxyz/8b3097d89d7c48f8a04600b70079fa6f",
            "key_vault_id": "/subscriptions/6ea6f9f7-0a28-45a1-b63d-c045d73026f2/resourceGroups/my-f23-rg/providers/Microsoft.KeyVault/vaults/benmykv",
            "name": "mydavidcloudxyz",
            "not_before": "2023-11-12T12:34:40Z",
            "secret_id": "https://benmykv.vault.azure.net/secrets/mydavidcloudxyz/8b3097d89d7c48f8a04600b70079fa6f",
            "tags": {},
            "thumbprint": "8BC6A2B2867DA39BDE9D31F18B0E54B1995F13A6",
            "timeouts": null,
            "version": "8b3097d89d7c48f8a04600b70079fa6f",
            "versionless_id": "https://benmykv.vault.azure.net/certificates/mydavidcloudxyz",
            "versionless_secret_id": "https://benmykv.vault.azure.net/secrets/mydavidcloudxyz"
          },
          "sensitive_attributes": []
        }
      ]
    },
    {
      "mode": "data",
      "type": "azurerm_shared_image_version",
      "name": "try",
      "provider": "provider[\"registry.terraform.io/hashicorp/azurerm\"]",
      "instances": [
        {
          "schema_version": 0,
          "attributes": {
            "exclude_from_latest": false,
            "gallery_name": "my_gallery",
            "id": "/subscriptions/6ea6f9f7-0a28-45a1-b63d-c045d73026f2/resourceGroups/my-f23-rg/providers/Microsoft.Compute/galleries/my_gallery/images/my-template/versions/0.0.2",
            "image_name": "my-template",
            "location": "eastus2",
            "managed_image_id": "/subscriptions/6ea6f9f7-0a28-45a1-b63d-c045d73026f2/resourceGroups/my-f23-rg/providers/Microsoft.Compute/virtualMachines/example-vm",
            "name": "0.0.2",
            "os_disk_image_size_gb": 127,
            "os_disk_snapshot_id": "",
            "resource_group_name": "my-f23-rg",
            "sort_versions_by_semver": true,
            "tags": {},
            "target_region": [
              {
                "name": "eastus2",
                "regional_replica_count": 1,
                "storage_account_type": "Standard_ZRS"
              },
              {
                "name": "norwayeast",
                "regional_replica_count": 1,
                "storage_account_type": "Standard_LRS"
              }
            ],
            "timeouts": null
          },
          "sensitive_attributes": []
        }
      ]
    },
    {
      "mode": "managed",
      "type": "azurerm_application_gateway",
      "name": "agw",
      "provider": "provider[\"registry.terraform.io/hashicorp/azurerm\"]",
      "instances": [
        {
          "schema_version": 0,
          "attributes": {
            "authentication_certificate": [],
            "autoscale_configuration": [],
            "backend_address_pool": [
              {
                "fqdns": [],
                "id": "/subscriptions/6ea6f9f7-0a28-45a1-b63d-c045d73026f2/resourceGroups/my-f23-rg/providers/Microsoft.Network/applicationGateways/my-agw/backendAddressPools/my-backend-address-pool",
                "ip_addresses": [],
                "name": "my-backend-address-pool"
              }
            ],
            "backend_http_settings": [
              {
                "affinity_cookie_name": "",
                "authentication_certificate": [],
                "connection_draining": [],
                "cookie_based_affinity": "Disabled",
                "host_name": "",
                "id": "/subscriptions/6ea6f9f7-0a28-45a1-b63d-c045d73026f2/resourceGroups/my-f23-rg/providers/Microsoft.Network/applicationGateways/my-agw/backendHttpSettingsCollection/my-backend-http-settings",
                "name": "my-backend-http-settings",
                "path": "",
                "pick_host_name_from_backend_address": false,
                "port": 80,
                "probe_id": "",
                "probe_name": "",
                "protocol": "Http",
                "request_timeout": 20,
                "trusted_root_certificate_names": []
              }
            ],
            "custom_error_configuration": [],
            "enable_http2": false,
            "fips_enabled": false,
            "firewall_policy_id": null,
            "force_firewall_policy_association": false,
            "frontend_ip_configuration": [
              {
                "id": "/subscriptions/6ea6f9f7-0a28-45a1-b63d-c045d73026f2/resourceGroups/my-f23-rg/providers/Microsoft.Network/applicationGateways/my-agw/frontendIPConfigurations/my-frontend-ip-configuration",
                "name": "my-frontend-ip-configuration",
                "private_ip_address": "",
                "private_ip_address_allocation": "Dynamic",
                "private_link_configuration_id": "",
                "private_link_configuration_name": "",
                "public_ip_address_id": "/subscriptions/6ea6f9f7-0a28-45a1-b63d-c045d73026f2/resourceGroups/my-f23-rg/providers/Microsoft.Network/publicIPAddresses/my-agw-ip",
                "subnet_id": ""
              }
            ],
            "frontend_port": [
              {
                "id": "",
                "name": "my-httpsfrontend-port",
                "port": 443
              },
              {
                "id": "/subscriptions/6ea6f9f7-0a28-45a1-b63d-c045d73026f2/resourceGroups/my-f23-rg/providers/Microsoft.Network/applicationGateways/my-agw/frontendPorts/my-frontend-port",
                "name": "my-frontend-port",
                "port": 80
              }
            ],
            "gateway_ip_configuration": [
              {
                "id": "/subscriptions/6ea6f9f7-0a28-45a1-b63d-c045d73026f2/resourceGroups/my-f23-rg/providers/Microsoft.Network/applicationGateways/my-agw/gatewayIPConfigurations/my-gateway-ip-configuration",
                "name": "my-gateway-ip-configuration",
                "subnet_id": "/subscriptions/6ea6f9f7-0a28-45a1-b63d-c045d73026f2/resourceGroups/my-f23-rg/providers/Microsoft.Network/virtualNetworks/my-network/subnets/my-subnet"
              }
            ],
            "global": [],
            "http_listener": [
              {
                "custom_error_configuration": [],
                "firewall_policy_id": "",
                "frontend_ip_configuration_id": "",
                "frontend_ip_configuration_name": "my-httpsfrontend-ip-configuration",
                "frontend_port_id": "",
                "frontend_port_name": "my-httpsfrontend-port",
                "host_name": "",
                "host_names": [],
                "id": "",
                "name": "my-https-listener",
                "protocol": "Https",
                "require_sni": false,
                "ssl_certificate_id": "",
                "ssl_certificate_name": "mydavidcloudxyz",
                "ssl_profile_id": "",
                "ssl_profile_name": ""
              },
              {
                "custom_error_configuration": [],
                "firewall_policy_id": "",
                "frontend_ip_configuration_id": "/subscriptions/6ea6f9f7-0a28-45a1-b63d-c045d73026f2/resourceGroups/my-f23-rg/providers/Microsoft.Network/applicationGateways/my-agw/frontendIPConfigurations/my-frontend-ip-configuration",
                "frontend_ip_configuration_name": "my-frontend-ip-configuration",
                "frontend_port_id": "/subscriptions/6ea6f9f7-0a28-45a1-b63d-c045d73026f2/resourceGroups/my-f23-rg/providers/Microsoft.Network/applicationGateways/my-agw/frontendPorts/my-frontend-port",
                "frontend_port_name": "my-frontend-port",
                "host_name": "",
                "host_names": [],
                "id": "/subscriptions/6ea6f9f7-0a28-45a1-b63d-c045d73026f2/resourceGroups/my-f23-rg/providers/Microsoft.Network/applicationGateways/my-agw/httpListeners/my-http-listener",
                "name": "my-http-listener",
                "protocol": "Http",
                "require_sni": false,
                "ssl_certificate_id": "",
                "ssl_certificate_name": "",
                "ssl_profile_id": "",
                "ssl_profile_name": ""
              }
            ],
            "id": "/subscriptions/6ea6f9f7-0a28-45a1-b63d-c045d73026f2/resourceGroups/my-f23-rg/providers/Microsoft.Network/applicationGateways/my-agw",
            "identity": [
              {
                "identity_ids": [
                  "/subscriptions/6ea6f9f7-0a28-45a1-b63d-c045d73026f2/resourceGroups/my-f23-rg/providers/Microsoft.ManagedIdentity/userAssignedIdentities/example-identity"
                ],
                "type": "UserAssigned"
              }
            ],
            "location": "eastus2",
            "name": "my-agw",
            "private_endpoint_connection": [],
            "private_link_configuration": [],
            "probe": [],
            "redirect_configuration": [],
            "request_routing_rule": [
              {
                "backend_address_pool_id": "/subscriptions/6ea6f9f7-0a28-45a1-b63d-c045d73026f2/resourceGroups/my-f23-rg/providers/Microsoft.Network/applicationGateways/my-agw/backendAddressPools/my-backend-address-pool",
                "backend_address_pool_name": "my-backend-address-pool",
                "backend_http_settings_id": "/subscriptions/6ea6f9f7-0a28-45a1-b63d-c045d73026f2/resourceGroups/my-f23-rg/providers/Microsoft.Network/applicationGateways/my-agw/backendHttpSettingsCollection/my-backend-http-settings",
                "backend_http_settings_name": "my-backend-http-settings",
                "http_listener_id": "/subscriptions/6ea6f9f7-0a28-45a1-b63d-c045d73026f2/resourceGroups/my-f23-rg/providers/Microsoft.Network/applicationGateways/my-agw/httpListeners/my-http-listener",
                "http_listener_name": "my-http-listener",
                "id": "/subscriptions/6ea6f9f7-0a28-45a1-b63d-c045d73026f2/resourceGroups/my-f23-rg/providers/Microsoft.Network/applicationGateways/my-agw/requestRoutingRules/my-request-routing-rule",
                "name": "my-request-routing-rule",
                "priority": 9,
                "redirect_configuration_id": "",
                "redirect_configuration_name": "",
                "rewrite_rule_set_id": "",
                "rewrite_rule_set_name": "",
                "rule_type": "Basic",
                "url_path_map_id": "",
                "url_path_map_name": ""
              }
            ],
            "resource_group_name": "my-f23-rg",
            "rewrite_rule_set": [],
            "sku": [
              {
                "capacity": 2,
                "name": "Standard_v2",
                "tier": "Standard_v2"
              }
            ],
            "ssl_certificate": [],
            "ssl_policy": [
              {
                "cipher_suites": [],
                "disabled_protocols": [],
                "min_protocol_version": "",
                "policy_name": "AppGwSslPolicy20150501",
                "policy_type": "Predefined"
              }
            ],
            "ssl_profile": [],
            "tags": {},
            "timeouts": null,
            "trusted_client_certificate": [],
            "trusted_root_certificate": [],
            "url_path_map": [],
            "waf_configuration": [],
            "zones": []
          },
          "sensitive_attributes": [],
          "private": "eyJlMmJmYjczMC1lY2FhLTExZTYtOGY4OC0zNDM2M2JjN2M0YzAiOnsiY3JlYXRlIjo1NDAwMDAwMDAwMDAwLCJkZWxldGUiOjU0MDAwMDAwMDAwMDAsInJlYWQiOjMwMDAwMDAwMDAwMCwidXBkYXRlIjo1NDAwMDAwMDAwMDAwfX0=",
          "dependencies": [
            "azurerm_key_vault.kv",
            "azurerm_key_vault_access_policy.key_vault_default_policy",
            "azurerm_key_vault_certificate.certificate",
            "azurerm_public_ip.agw-ip",
            "azurerm_resource_group.my-f23-rg",
            "azurerm_subnet.my-subnet",
            "azurerm_user_assigned_identity.identity",
            "azurerm_virtual_network.my-network",
            "data.azurerm_client_config.current"
          ]
        }
      ]
    },
    {
      "mode": "managed",
      "type": "azurerm_dns_cname_record",
      "name": "example",
      "provider": "provider[\"registry.terraform.io/hashicorp/azurerm\"]",
      "instances": [
        {
          "schema_version": 1,
          "attributes": {
            "fqdn": "test.mydavidcloud.xyz.",
            "id": "/subscriptions/6ea6f9f7-0a28-45a1-b63d-c045d73026f2/resourceGroups/my-f23-rg/providers/Microsoft.Network/dnsZones/mydavidcloud.xyz/CNAME/test",
            "name": "test",
            "record": "rcsjcqmknx.trafficmanager.net",
            "resource_group_name": "my-f23-rg",
            "tags": {},
            "target_resource_id": "",
            "timeouts": null,
            "ttl": 300,
            "zone_name": "mydavidcloud.xyz"
          },
          "sensitive_attributes": [],
          "private": "eyJlMmJmYjczMC1lY2FhLTExZTYtOGY4OC0zNDM2M2JjN2M0YzAiOnsiY3JlYXRlIjoxODAwMDAwMDAwMDAwLCJkZWxldGUiOjE4MDAwMDAwMDAwMDAsInJlYWQiOjMwMDAwMDAwMDAwMCwidXBkYXRlIjoxODAwMDAwMDAwMDAwfSwic2NoZW1hX3ZlcnNpb24iOiIxIn0=",
          "dependencies": [
            "azurerm_dns_zone.my-public-dns",
            "azurerm_resource_group.my-f23-rg",
            "random_string.azurerm_traffic_manager_profile_dns_config"
          ]
        }
      ]
    },
    {
      "mode": "managed",
      "type": "azurerm_dns_zone",
      "name": "my-public-dns",
      "provider": "provider[\"registry.terraform.io/hashicorp/azurerm\"]",
      "instances": [
        {
          "schema_version": 2,
          "attributes": {
            "id": "/subscriptions/6ea6f9f7-0a28-45a1-b63d-c045d73026f2/resourceGroups/my-f23-rg/providers/Microsoft.Network/dnsZones/mydavidcloud.xyz",
            "max_number_of_record_sets": 10000,
            "name": "mydavidcloud.xyz",
            "name_servers": [
              "ns1-32.azure-dns.com.",
              "ns2-32.azure-dns.net.",
              "ns3-32.azure-dns.org.",
              "ns4-32.azure-dns.info."
            ],
            "number_of_record_sets": 3,
            "resource_group_name": "my-f23-rg",
            "soa_record": [
              {
                "email": "azuredns-hostmaster.microsoft.com",
                "expire_time": 2419200,
                "fqdn": "mydavidcloud.xyz.",
                "host_name": "ns1-32.azure-dns.com.",
                "minimum_ttl": 300,
                "refresh_time": 3600,
                "retry_time": 300,
                "serial_number": 1,
                "tags": {},
                "ttl": 3600
              }
            ],
            "tags": {},
            "timeouts": null
          },
          "sensitive_attributes": [],
          "private": "eyJlMmJmYjczMC1lY2FhLTExZTYtOGY4OC0zNDM2M2JjN2M0YzAiOnsiY3JlYXRlIjoxODAwMDAwMDAwMDAwLCJkZWxldGUiOjE4MDAwMDAwMDAwMDAsInJlYWQiOjMwMDAwMDAwMDAwMCwidXBkYXRlIjoxODAwMDAwMDAwMDAwfSwic2NoZW1hX3ZlcnNpb24iOiIyIn0=",
          "dependencies": [
            "azurerm_resource_group.my-f23-rg"
          ]
        }
      ]
    },
    {
      "mode": "managed",
      "type": "azurerm_key_vault",
      "name": "kv",
      "provider": "provider[\"registry.terraform.io/hashicorp/azurerm\"]",
      "instances": [
        {
          "schema_version": 2,
          "attributes": {
            "access_policy": [
              {
                "application_id": "",
                "certificate_permissions": [],
                "key_permissions": [],
                "object_id": "5f80f6bf-18ec-4db2-ba6e-f032b0366e83",
                "secret_permissions": [
                  "Get"
                ],
                "storage_permissions": [],
                "tenant_id": "03024f44-e3ad-4b2c-b85b-d1a744b0b70f"
              },
              {
                "application_id": "",
                "certificate_permissions": [
                  "Backup",
                  "Create",
                  "Delete",
                  "DeleteIssuers",
                  "Get",
                  "GetIssuers",
                  "Import",
                  "List",
                  "ListIssuers",
                  "ManageContacts",
                  "ManageIssuers",
                  "Purge",
                  "Recover",
                  "Restore",
                  "SetIssuers",
                  "Update"
                ],
                "key_permissions": [
                  "Backup",
                  "Create",
                  "Decrypt",
                  "Delete",
                  "Encrypt",
                  "Get",
                  "Import",
                  "List",
                  "Purge",
                  "Recover",
                  "Restore",
                  "Sign",
                  "UnwrapKey",
                  "Update",
                  "Verify",
                  "WrapKey"
                ],
                "object_id": "be40d5d2-df8f-4e1e-8925-6d9e130f331c",
                "secret_permissions": [
                  "Backup",
                  "Delete",
                  "Get",
                  "List",
                  "Purge",
                  "Recover",
                  "Restore",
                  "Set"
                ],
                "storage_permissions": [
                  "Backup",
                  "Delete",
                  "DeleteSAS",
                  "Get",
                  "GetSAS",
                  "List",
                  "ListSAS",
                  "Purge",
                  "Recover",
                  "RegenerateKey",
                  "Restore",
                  "Set",
                  "SetSAS",
                  "Update"
                ],
                "tenant_id": "03024f44-e3ad-4b2c-b85b-d1a744b0b70f"
              }
            ],
            "contact": [],
            "enable_rbac_authorization": false,
            "enabled_for_deployment": false,
            "enabled_for_disk_encryption": true,
            "enabled_for_template_deployment": true,
            "id": "/subscriptions/6ea6f9f7-0a28-45a1-b63d-c045d73026f2/resourceGroups/my-f23-rg/providers/Microsoft.KeyVault/vaults/benmykv",
            "location": "eastus2",
            "name": "benmykv",
            "network_acls": [
              {
                "bypass": "AzureServices",
                "default_action": "Allow",
                "ip_rules": [],
                "virtual_network_subnet_ids": []
              }
            ],
            "public_network_access_enabled": true,
            "purge_protection_enabled": false,
            "resource_group_name": "my-f23-rg",
            "sku_name": "standard",
            "soft_delete_retention_days": 90,
            "tags": {},
            "tenant_id": "03024f44-e3ad-4b2c-b85b-d1a744b0b70f",
            "timeouts": null,
            "vault_uri": "https://benmykv.vault.azure.net/"
          },
          "sensitive_attributes": [],
          "private": "eyJlMmJmYjczMC1lY2FhLTExZTYtOGY4OC0zNDM2M2JjN2M0YzAiOnsiY3JlYXRlIjoxODAwMDAwMDAwMDAwLCJkZWxldGUiOjE4MDAwMDAwMDAwMDAsInJlYWQiOjMwMDAwMDAwMDAwMCwidXBkYXRlIjoxODAwMDAwMDAwMDAwfSwic2NoZW1hX3ZlcnNpb24iOiIyIn0=",
          "dependencies": [
            "azurerm_resource_group.my-f23-rg",
            "data.azurerm_client_config.current"
          ],
          "create_before_destroy": true
        }
      ]
    },
    {
      "mode": "managed",
      "type": "azurerm_key_vault_access_policy",
      "name": "identity_key_vault_access_policy",
      "provider": "provider[\"registry.terraform.io/hashicorp/azurerm\"]",
      "instances": [
        {
          "schema_version": 0,
          "attributes": {
            "application_id": "",
            "certificate_permissions": [],
            "id": "/subscriptions/6ea6f9f7-0a28-45a1-b63d-c045d73026f2/resourceGroups/my-f23-rg/providers/Microsoft.KeyVault/vaults/benmykv/objectId/5f80f6bf-18ec-4db2-ba6e-f032b0366e83",
            "key_permissions": [],
            "key_vault_id": "/subscriptions/6ea6f9f7-0a28-45a1-b63d-c045d73026f2/resourceGroups/my-f23-rg/providers/Microsoft.KeyVault/vaults/benmykv",
            "object_id": "5f80f6bf-18ec-4db2-ba6e-f032b0366e83",
            "secret_permissions": [
              "Get"
            ],
            "storage_permissions": [],
            "tenant_id": "03024f44-e3ad-4b2c-b85b-d1a744b0b70f",
            "timeouts": null
          },
          "sensitive_attributes": [],
          "private": "eyJlMmJmYjczMC1lY2FhLTExZTYtOGY4OC0zNDM2M2JjN2M0YzAiOnsiY3JlYXRlIjoxODAwMDAwMDAwMDAwLCJkZWxldGUiOjE4MDAwMDAwMDAwMDAsInJlYWQiOjMwMDAwMDAwMDAwMCwidXBkYXRlIjoxODAwMDAwMDAwMDAwfX0=",
          "dependencies": [
            "azurerm_key_vault.kv",
            "azurerm_resource_group.my-f23-rg",
            "azurerm_user_assigned_identity.identity",
            "data.azurerm_client_config.current"
          ]
        }
      ]
    },
    {
      "mode": "managed",
      "type": "azurerm_key_vault_access_policy",
      "name": "key_vault_default_policy",
      "provider": "provider[\"registry.terraform.io/hashicorp/azurerm\"]",
      "instances": [
        {
          "schema_version": 0,
          "attributes": {
            "application_id": "",
            "certificate_permissions": [
              "Backup",
              "Create",
              "Delete",
              "DeleteIssuers",
              "Get",
              "GetIssuers",
              "Import",
              "List",
              "ListIssuers",
              "ManageContacts",
              "ManageIssuers",
              "Purge",
              "Recover",
              "Restore",
              "SetIssuers",
              "Update"
            ],
            "id": "/subscriptions/6ea6f9f7-0a28-45a1-b63d-c045d73026f2/resourceGroups/my-f23-rg/providers/Microsoft.KeyVault/vaults/benmykv/objectId/be40d5d2-df8f-4e1e-8925-6d9e130f331c",
            "key_permissions": [
              "Backup",
              "Create",
              "Decrypt",
              "Delete",
              "Encrypt",
              "Get",
              "Import",
              "List",
              "Purge",
              "Recover",
              "Restore",
              "Sign",
              "UnwrapKey",
              "Update",
              "Verify",
              "WrapKey"
            ],
            "key_vault_id": "/subscriptions/6ea6f9f7-0a28-45a1-b63d-c045d73026f2/resourceGroups/my-f23-rg/providers/Microsoft.KeyVault/vaults/benmykv",
            "object_id": "be40d5d2-df8f-4e1e-8925-6d9e130f331c",
            "secret_permissions": [
              "Backup",
              "Delete",
              "Get",
              "List",
              "Purge",
              "Recover",
              "Restore",
              "Set"
            ],
            "storage_permissions": [
              "Backup",
              "Delete",
              "DeleteSAS",
              "Get",
              "GetSAS",
              "List",
              "ListSAS",
              "Purge",
              "Recover",
              "RegenerateKey",
              "Restore",
              "Set",
              "SetSAS",
              "Update"
            ],
            "tenant_id": "03024f44-e3ad-4b2c-b85b-d1a744b0b70f",
            "timeouts": null
          },
          "sensitive_attributes": [],
          "private": "eyJlMmJmYjczMC1lY2FhLTExZTYtOGY4OC0zNDM2M2JjN2M0YzAiOnsiY3JlYXRlIjoxODAwMDAwMDAwMDAwLCJkZWxldGUiOjE4MDAwMDAwMDAwMDAsInJlYWQiOjMwMDAwMDAwMDAwMCwidXBkYXRlIjoxODAwMDAwMDAwMDAwfX0=",
          "dependencies": [
            "azurerm_key_vault.kv",
            "azurerm_resource_group.my-f23-rg",
            "data.azurerm_client_config.current"
          ],
          "create_before_destroy": true
        }
      ]
    },
    {
      "mode": "managed",
      "type": "azurerm_key_vault_certificate",
      "name": "certificate",
      "provider": "provider[\"registry.terraform.io/hashicorp/azurerm\"]",
      "instances": [
        {
          "schema_version": 0,
          "attributes": {
            "certificate": [
              {
                "contents": "MIIKSQIBAzCCCg8GCSqGSIb3DQEHAaCCCgAEggn8MIIJ+DCCBK8GCSqGSIb3DQEHBqCCBKAwggScAgEAMIIElQYJKoZIhvcNAQcBMBwGCiqGSIb3DQEMAQYwDgQIuipWxgrRhBkCAggAgIIEaIK6PIVBu1Qrss0lCpjv9I31Pxd6uPMoTvSas7j+y+4bJyJQmW2wLM/xRYaHGvzNhqez425hg7sPmPfuLSySIAsVU5O3sP4V6M65cI0isnG3Q+l/BdYgTxBiBB8ZinHWpMCLS4hhoOsN8SyqPcq80LR+6XkfAbYmf4geyhI+U/rINHRfAcjtOghftEZAwCpEBODwd3FVBxzlW+rB+t6pbpNwRlP9lAH5Pt+cKpg1T+cCD0/rp3MlM/KqpgQT0OZyvW+HQFtijqpSAVAsWIeZ23y78jvUwnBOXIGIIrkMlS2+IOfux4mGshDvvwWudTq0oDd4ODBeqBiW/qJF2rNIExjpKqznKukwhtu2s72e7pcs7bSBFOmuLHqbxhOyTJhdjsqAdKfhPQIyE0yOdSF9aUYhVM5yGvuD4d0Q6dPCcJE6XUH7bAnqJ8FsIJgFSiqqzlU26GznXxIwDML9KfM2Dr9xHxsJNLl/cPWXL532P9jCD3KsZWKLWVZlca9xuPoNPYIZhSvNweHOivinfo/m6kgOQ7WkRHE9/SSY37+C6kCEXRF3lFHbG8RzzDKWvsONFF/Hudtc25dVrQkVg/NWzrh07+PVOEORhynNHRNOzs/ZkLQtgakCxpUD0uEHD4+2FUKnZFBYOZGrOW7C4W6/DXJ2WQm3okyEAfkr4xJiVCGWPeHw/0dHpZ/2ziQ07vzZ2MWxaovMKvpja+p/UDsNgDlVFLLHregEOuuQ3ItRR2VnIJVuQtdY/aR9Dfth+w5VLb0rM4d3D5ujZguBh4rkZI+Wl6EwxIELJx5gUFQ76DmCNXt3Ps9q1W1ULdOXJBTE9gvZjoFQ+vGIVkj7JWYSHs3Z40TRe/t2JjfAlq+qz5UcKMzCBOZse5BOuHCrPHEU01Zv5l3bghyjW5cY/k/kFjaxuQLSNUmMGZmAAAIqJ8xAoaQY71ZfpTcWtsb+vnmA+pjO7J4wLCZEhpdtk8qBwCyImXsauhJQ83quAu1ccX2iBc2eVJ5gBO7ETdUXyhVmNRA30Yna6PDfI3RNElVQ3ttd88RSsqdDB08wwlrAiLMnmIWqfFSZjUZNSDZC8BkW/3f4U/lhr53rJoZqx/bxnMNzA72cN+bRJw4QmNTHe73uSK1mw5wT/FuNiMTT4wjNTWJzoBM1TUhOLxPQbSeSUUkNMS8+nd1nGAXcyhmlhJLplrELk5tvGL0VEpPqNIAYzBb8YqD2z6Sw2vKuzjJJetvJaU9txDKlLu4yCh/MC5xcHLgHiqTRrIEg8WQpcm6sdCrShS23d95f/IxG9Sgto/OeaZZDJfUQ6syvKFhT6jZYP9JpqPV2oTHjO+30cyWnIRmhV8grJqa1T9QixzMu8UGP1XwPsaAfTWxkXHx29BYikCgDZHJ3IJQYhAfC9M1Sl9TOB5kCy5goxhkOzRpk3ybFOsJjbMIi0fPfhi0djwWZuGmCGjOgn/xB70DSDkbzvTaTUcMU0DW/HU4nV1u3or1thz8dFSu7RTCCBUEGCSqGSIb3DQEHAaCCBTIEggUuMIIFKjCCBSYGCyqGSIb3DQEMCgECoIIE7jCCBOowHAYKKoZIhvcNAQwBAzAOBAj8ZToYw52YqgICCAAEggTIP5+Xdvf+dcPftTZt4ZHWUj61UybrkxygJFaQRJNlMT6a+LeujQlz5b/Cd71q1JbZjGySL7ID9jR0sfLsUMM9UuPk6ZCcubNQu8OWwDkbh1CvjRfg0MhC+HsdgbM7IUaU/uFLTveCZJZJLQ6paH++2TdJFlVSA2B4zTKcyILooJZcl10IKFN4LsE7lFgorY9UHpiXDIGBxzwFobBff2CQEi2Ea5J2RIxtCCuvZfV8oHukWgdW/qKGUDazi4OAFy7D4vdfLKIcfrmKGLjAhZTAPTww6YEWyJW44UEr9xY2wAqD7hSaNBYWnIJkvu5bHRGXIes7qjotLmm9mqKkGUFKM5fOCCQXyLQa7kphj7T5pg87jpIUubg8IbWZFQ0vAlV+idYJ9mG41GgLhAVtZcF7ByK+I9Jj8ZPWCK7ELiHDeLjfUYaK3IFu5Hc9siAlNzo4C48XOb78yXWCnhGYlLHLoIpxcHJcVdJwNCRaJ5sy3hcL/94dhVLirj0JmQ3oLaEzrIvpjlGFGmqFR10K14QWBw1nvyH81qH642Cg2R+osK2Ny311u9+b1tNk112GQaYBr9RAred55MpOBwAYJlMn1a9E/YIZ54IEfR9wgdK/7RP09u9iaPeMmLp9RgQL9JohjH3IDRpBsSlX4a50gjnO6517A2AYGKQ3PrHEe6N9sRw3JCQvVcPvUAhFXE3AJaY/UdHKJWMJTf9PmJazWqBZyzoPP9Ne4iER/+bLytj80rwDC7GcWWtJ8/XWftQawZTEISzwhpf+JHWc3d56FbhLRNmK9taz3zSAZam0Lv7PiUIJUV/bDdffWPAeRIlRVIx+hGILNqe1jMBaOSQUJpFAxs59TPp7XFZ9PUI8vPNq8LwC/sBc21ZVj3oYCw4/qBZuf3Ll9Z19PkwdfkdRMyimBR9xTtWmm+ohsoT0eWpjuSH/Pq8K58lXEkTc7+D/7r3EhD9+I54dwU6vYPoNqA7QXTB65bC7aTjwySfK8BULOpWEolsXO4HgHCCKdNHpz48vyhO7zHVLtksyjs769H+OkQntGnpicStG2CodR1mEpTVuNRzNOWLbMuR6Vt6tuIp2v0IZAHhdAUuh9rwWArqOLsrGTlGyElVpWhwqaj4faatfHzygJzOs+lWjQhJ3i59CeaheW4CYfsQaHIWxRbtbWbaUS5vz3UhU5US/nPzarU1X7bm3B/aGzZ0tF3BrTCMLwcF+d9edavYCkIgRoxu0uIUk7Use3xPB4LvsRuP6pm/6AP1C2ztQux9RNaU2SbOzUR66AY0xIUTh3G6LS/S5LZwE2ppB6bWV2Wu90la/+GWhq0+paBp2SLasTUNxhsduggF0RJuJQYx/HsJ0+KymurcTLjV3lVTuuSac+XFBDypKUrCpvg23xCOM5aIFZFXl9rEESQTrAUvNHsD6cYRJBNYDYghqnhOZnpcVIkqmvxZryNnkxh5ig6h7xBP9rCWW3UqdtuLjw/vXl0hcff40WPY5FAe7BxHEbMweTdDl0ctqXDEdtwO387XQ9b7acYLN6FXgvjePpccbZkOG2C/C7FM5mzyQunXqUtxGDti6kBKkdWynQ+M/uDKBNXeaSKAmL53uvgqLLKG40h7zC8fwCrJvOaAZpdyaMSUwIwYJKoZIhvcNAQkVMRYEFIvGorKGfaOb3p0x8YsOVLGZXxOmMDEwITAJBgUrDgMCGgUABBTlHHyiGISFth0EdS8Tp9D5ucUcMQQIuotjklP02YwCAggA",
                "password": "phunkeeb100*"
              }
            ],
            "certificate_attribute": [
              {
                "created": "2023-11-17T15:26:30Z",
                "enabled": true,
                "expires": "2024-11-11T12:34:40Z",
                "not_before": "2023-11-12T12:34:40Z",
                "recovery_level": "Recoverable+Purgeable",
                "updated": "2023-11-17T15:26:30Z"
              }
            ],
            "certificate_data": "30820405308202EDA00302010202146CDD1E18A16FA2EFDF04203D27296C23F0443773300D06092A864886F70D01010B0500308191310B3009060355040613024E47310C300A06035504080C034F594F310F300D06035504070C0649424144414E3121301F060355040A0C18496E7465726E6574205769646769747320507479204C74643119301706035504030C106D796461766964636C6F75642E78797A3125302306092A864886F70D01090116166461766964616B616C75676F40676D61696C2E636F6D301E170D3233313131323132333434305A170D3234313131313132333434305A308191310B3009060355040613024E47310C300A06035504080C034F594F310F300D06035504070C0649424144414E3121301F060355040A0C18496E7465726E6574205769646769747320507479204C74643119301706035504030C106D796461766964636C6F75642E78797A3125302306092A864886F70D01090116166461766964616B616C75676F40676D61696C2E636F6D30820122300D06092A864886F70D01010105000382010F003082010A0282010100B8C4C4568401FBA7D2015AC515092CC816140054A3D982D3E2A92A7DC972583D5F7127B571D14D5957EF1BDC47CAE5BED2A78F31F6B0DCCD9829D38ADEF440C274FAD4802DA74225E140C24D6206DE92DBCD093BE3C44175860874565B7455DBF9110DD7672B2F81603D693A1649786D672982AAAF5F61E0BC7DC8F31BD1BFEDE756EFA73B5409F17B0B0C68BD76F1ED3B0EDC4BC7D2E20FE4FAD2F98A481EE16C6D7817EA084B6CF14E3C79C0773C51C52D3E33E23ABFA3FC310971DE98F04F9A0A27BED413CE054D0C0565F3685F0B7F4C28E91A37C03FF850CABAE64E647A0CD7A65F07B84AE006C17C4C02AA515C69968E15790DEE691AE70D369F772FEB0203010001A3533051301D0603551D0E04160414D7FB4249EDE0316F2854AB1536FE0EECC49E7BF6301F0603551D23041830168014D7FB4249EDE0316F2854AB1536FE0EECC49E7BF6300F0603551D130101FF040530030101FF300D06092A864886F70D01010B05000382010100792F7D39AFB1CB9BED843978CA5EB320C1BE2B1EF999A6DF6D19A89D75F58CBE418BCBB5DCAA38BA410A30890D059EEF60717DDBCB31D415381846D1E762E5E4FE8FE108A5D9E43C24F68A4E686763B407C3915BB615912933D8A3D9B6C2F89BF8BE2551BE99A2C886877DEC1A67C608B33E747D9C35164837E80BAB3481A9DCD80DC89F20AB03C152E1BB7320B05F118A669CB0092EBA7D65DC3590B9080BC5F92F82A6A3E68D9B31D3E818FA9BD6B8A5AFB7C4FEC6DED030AF8107DC2A2FAF902F8EE4745BB0FA1FB507D08A83668D17CDD0FA94D5D042CF9105BC158E5D80D1F463139D7C0C87640BE3FFBB4FD67666A0A4E8E4F36165ED33314CEBD289FA",
            "certificate_data_base64": "MIIEBTCCAu2gAwIBAgIUbN0eGKFvou/fBCA9JylsI/BEN3MwDQYJKoZIhvcNAQELBQAwgZExCzAJBgNVBAYTAk5HMQwwCgYDVQQIDANPWU8xDzANBgNVBAcMBklCQURBTjEhMB8GA1UECgwYSW50ZXJuZXQgV2lkZ2l0cyBQdHkgTHRkMRkwFwYDVQQDDBBteWRhdmlkY2xvdWQueHl6MSUwIwYJKoZIhvcNAQkBFhZkYXZpZGFrYWx1Z29AZ21haWwuY29tMB4XDTIzMTExMjEyMzQ0MFoXDTI0MTExMTEyMzQ0MFowgZExCzAJBgNVBAYTAk5HMQwwCgYDVQQIDANPWU8xDzANBgNVBAcMBklCQURBTjEhMB8GA1UECgwYSW50ZXJuZXQgV2lkZ2l0cyBQdHkgTHRkMRkwFwYDVQQDDBBteWRhdmlkY2xvdWQueHl6MSUwIwYJKoZIhvcNAQkBFhZkYXZpZGFrYWx1Z29AZ21haWwuY29tMIIBIjANBgkqhkiG9w0BAQEFAAOCAQ8AMIIBCgKCAQEAuMTEVoQB+6fSAVrFFQksyBYUAFSj2YLT4qkqfclyWD1fcSe1cdFNWVfvG9xHyuW+0qePMfaw3M2YKdOK3vRAwnT61IAtp0Il4UDCTWIG3pLbzQk748RBdYYIdFZbdFXb+REN12crL4FgPWk6Fkl4bWcpgqqvX2HgvH3I8xvRv+3nVu+nO1QJ8XsLDGi9dvHtOw7cS8fS4g/k+tL5ikge4WxteBfqCEts8U48ecB3PFHFLT4z4jq/o/wxCXHemPBPmgonvtQTzgVNDAVl82hfC39MKOkaN8A/+FDKuuZOZHoM16ZfB7hK4AbBfEwCqlFcaZaOFXkN7mka5w02n3cv6wIDAQABo1MwUTAdBgNVHQ4EFgQU1/tCSe3gMW8oVKsVNv4O7MSee/YwHwYDVR0jBBgwFoAU1/tCSe3gMW8oVKsVNv4O7MSee/YwDwYDVR0TAQH/BAUwAwEB/zANBgkqhkiG9w0BAQsFAAOCAQEAeS99Oa+xy5vthDl4yl6zIMG+Kx75mabfbRmonXX1jL5Bi8u13Ko4ukEKMIkNBZ7vYHF928sx1BU4GEbR52Ll5P6P4Qil2eQ8JPaKTmhnY7QHw5FbthWRKTPYo9m2wvib+L4lUb6ZosiGh33sGmfGCLM+dH2cNRZIN+gLqzSBqdzYDcifIKsDwVLhu3MgsF8RimacsAkuun1l3DWQuQgLxfkvgqaj5o2bMdPoGPqb1rilr7fE/sbe0DCvgQfcKi+vkC+O5HRbsPoftQfQioNmjRfN0PqU1dBCz5EFvBWOXYDR9GMTnXwMh2QL4/+7T9Z2ZqCk6OTzYWXtMzFM69KJ+g==",
            "certificate_policy": [
              {
                "issuer_parameters": [
                  {
                    "name": "Unknown"
                  }
                ],
                "key_properties": [
                  {
                    "curve": "",
                    "exportable": true,
                    "key_size": 2048,
                    "key_type": "RSA",
                    "reuse_key": true
                  }
                ],
                "lifetime_action": [
                  {
                    "action": [
                      {
                        "action_type": "EmailContacts"
                      }
                    ],
                    "trigger": [
                      {
                        "days_before_expiry": 10,
                        "lifetime_percentage": 0
                      }
                    ]
                  }
                ],
                "secret_properties": [
                  {
                    "content_type": "application/x-pkcs12"
                  }
                ],
                "x509_certificate_properties": [
                  {
                    "extended_key_usage": [],
                    "key_usage": [],
                    "subject": "E=davidakalugo@gmail.com, CN=mydavidcloud.xyz, O=Internet Widgits Pty Ltd, L=IBADAN, S=OYO, C=NG",
                    "subject_alternative_names": [
                      {
                        "dns_names": [],
                        "emails": [],
                        "upns": []
                      }
                    ],
                    "validity_in_months": 12
                  }
                ]
              }
            ],
            "id": "https://benmykv.vault.azure.net/certificates/mydavidcloudxyz/4bbee930fb644ed8a92179dd633905a5",
            "key_vault_id": "/subscriptions/6ea6f9f7-0a28-45a1-b63d-c045d73026f2/resourceGroups/my-f23-rg/providers/Microsoft.KeyVault/vaults/benmykv",
            "name": "mydavidcloudxyz",
            "secret_id": "https://benmykv.vault.azure.net/secrets/mydavidcloudxyz/4bbee930fb644ed8a92179dd633905a5",
            "tags": null,
            "thumbprint": "8BC6A2B2867DA39BDE9D31F18B0E54B1995F13A6",
            "timeouts": null,
            "version": "4bbee930fb644ed8a92179dd633905a5",
            "versionless_id": "https://benmykv.vault.azure.net/certificates/mydavidcloudxyz",
            "versionless_secret_id": "https://benmykv.vault.azure.net/secrets/mydavidcloudxyz"
          },
          "sensitive_attributes": [],
          "private": "eyJlMmJmYjczMC1lY2FhLTExZTYtOGY4OC0zNDM2M2JjN2M0YzAiOnsiY3JlYXRlIjozNjAwMDAwMDAwMDAwLCJkZWxldGUiOjE4MDAwMDAwMDAwMDAsInJlYWQiOjE4MDAwMDAwMDAwMDAsInVwZGF0ZSI6MTgwMDAwMDAwMDAwMH19",
          "dependencies": [
            "azurerm_key_vault.kv",
            "azurerm_key_vault_access_policy.key_vault_default_policy",
            "azurerm_resource_group.my-f23-rg",
            "data.azurerm_client_config.current"
          ]
        }
      ]
    },
    {
      "mode": "managed",
      "type": "azurerm_nat_gateway",
      "name": "mynat",
      "provider": "provider[\"registry.terraform.io/hashicorp/azurerm\"]",
      "instances": [
        {
          "schema_version": 0,
          "attributes": {
            "id": "/subscriptions/6ea6f9f7-0a28-45a1-b63d-c045d73026f2/resourceGroups/my-f23-rg/providers/Microsoft.Network/natGateways/my-natgw",
            "idle_timeout_in_minutes": 4,
            "location": "eastus2",
            "name": "my-natgw",
            "resource_group_name": "my-f23-rg",
            "resource_guid": "01707c78-488f-4e33-a62d-5ab5057482c8",
            "sku_name": "Standard",
            "tags": {},
            "timeouts": null,
            "zones": []
          },
          "sensitive_attributes": [],
          "private": "eyJlMmJmYjczMC1lY2FhLTExZTYtOGY4OC0zNDM2M2JjN2M0YzAiOnsiY3JlYXRlIjozNjAwMDAwMDAwMDAwLCJkZWxldGUiOjM2MDAwMDAwMDAwMDAsInJlYWQiOjMwMDAwMDAwMDAwMCwidXBkYXRlIjozNjAwMDAwMDAwMDAwfX0=",
          "dependencies": [
            "azurerm_resource_group.my-f23-rg"
          ]
        }
      ]
    },
    {
      "mode": "managed",
      "type": "azurerm_nat_gateway_public_ip_association",
      "name": "mynatass",
      "provider": "provider[\"registry.terraform.io/hashicorp/azurerm\"]",
      "instances": [
        {
          "schema_version": 0,
          "attributes": {
            "id": "/subscriptions/6ea6f9f7-0a28-45a1-b63d-c045d73026f2/resourceGroups/my-f23-rg/providers/Microsoft.Network/natGateways/my-natgw|/subscriptions/6ea6f9f7-0a28-45a1-b63d-c045d73026f2/resourceGroups/my-f23-rg/providers/Microsoft.Network/publicIPAddresses/my-nat-ip",
            "nat_gateway_id": "/subscriptions/6ea6f9f7-0a28-45a1-b63d-c045d73026f2/resourceGroups/my-f23-rg/providers/Microsoft.Network/natGateways/my-natgw",
            "public_ip_address_id": "/subscriptions/6ea6f9f7-0a28-45a1-b63d-c045d73026f2/resourceGroups/my-f23-rg/providers/Microsoft.Network/publicIPAddresses/my-nat-ip",
            "timeouts": null
          },
          "sensitive_attributes": [],
          "private": "eyJlMmJmYjczMC1lY2FhLTExZTYtOGY4OC0zNDM2M2JjN2M0YzAiOnsiY3JlYXRlIjoxODAwMDAwMDAwMDAwLCJkZWxldGUiOjE4MDAwMDAwMDAwMDAsInJlYWQiOjMwMDAwMDAwMDAwMH19",
          "dependencies": [
            "azurerm_nat_gateway.mynat",
            "azurerm_public_ip.nat-ip",
            "azurerm_resource_group.my-f23-rg"
          ]
        }
      ]
    },
    {
      "mode": "managed",
      "type": "azurerm_network_interface",
      "name": "my-vmssnic",
      "provider": "provider[\"registry.terraform.io/hashicorp/azurerm\"]",
      "instances": [
        {
          "schema_version": 0,
          "attributes": {
            "applied_dns_servers": [],
            "dns_servers": [],
            "edge_zone": "",
            "enable_accelerated_networking": false,
            "enable_ip_forwarding": false,
            "id": "/subscriptions/6ea6f9f7-0a28-45a1-b63d-c045d73026f2/resourceGroups/my-f23-rg/providers/Microsoft.Network/networkInterfaces/my-vmssnic",
            "internal_dns_name_label": "",
            "internal_domain_name_suffix": "gro2tvggkanunefh4zadqql4sc.cx.internal.cloudapp.net",
            "ip_configuration": [
              {
                "gateway_load_balancer_frontend_ip_configuration_id": "",
                "name": "my-ipc",
                "primary": true,
                "private_ip_address": "192.168.1.4",
                "private_ip_address_allocation": "Dynamic",
                "private_ip_address_version": "IPv4",
                "public_ip_address_id": "",
                "subnet_id": "/subscriptions/6ea6f9f7-0a28-45a1-b63d-c045d73026f2/resourceGroups/my-f23-rg/providers/Microsoft.Network/virtualNetworks/my-network/subnets/third-subnet"
              }
            ],
            "location": "eastus2",
            "mac_address": "",
            "name": "my-vmssnic",
            "private_ip_address": "192.168.1.4",
            "private_ip_addresses": [
              "192.168.1.4"
            ],
            "resource_group_name": "my-f23-rg",
            "tags": {},
            "timeouts": null,
            "virtual_machine_id": ""
          },
          "sensitive_attributes": [],
          "private": "eyJlMmJmYjczMC1lY2FhLTExZTYtOGY4OC0zNDM2M2JjN2M0YzAiOnsiY3JlYXRlIjoxODAwMDAwMDAwMDAwLCJkZWxldGUiOjE4MDAwMDAwMDAwMDAsInJlYWQiOjMwMDAwMDAwMDAwMCwidXBkYXRlIjoxODAwMDAwMDAwMDAwfX0=",
          "dependencies": [
            "azurerm_resource_group.my-f23-rg",
            "azurerm_subnet.third-subnet",
            "azurerm_virtual_network.my-network"
          ]
        }
      ]
    },
    {
      "mode": "managed",
      "type": "azurerm_network_interface_security_group_association",
      "name": "tryexample",
      "provider": "provider[\"registry.terraform.io/hashicorp/azurerm\"]",
      "instances": [
        {
          "schema_version": 0,
          "attributes": {
            "id": "/subscriptions/6ea6f9f7-0a28-45a1-b63d-c045d73026f2/resourceGroups/my-f23-rg/providers/Microsoft.Network/networkInterfaces/my-vmssnic|/subscriptions/6ea6f9f7-0a28-45a1-b63d-c045d73026f2/resourceGroups/my-f23-rg/providers/Microsoft.Network/networkSecurityGroups/acceptanceTestSecurityGroup1",
            "network_interface_id": "/subscriptions/6ea6f9f7-0a28-45a1-b63d-c045d73026f2/resourceGroups/my-f23-rg/providers/Microsoft.Network/networkInterfaces/my-vmssnic",
            "network_security_group_id": "/subscriptions/6ea6f9f7-0a28-45a1-b63d-c045d73026f2/resourceGroups/my-f23-rg/providers/Microsoft.Network/networkSecurityGroups/acceptanceTestSecurityGroup1",
            "timeouts": null
          },
          "sensitive_attributes": [],
          "private": "eyJlMmJmYjczMC1lY2FhLTExZTYtOGY4OC0zNDM2M2JjN2M0YzAiOnsiY3JlYXRlIjoxODAwMDAwMDAwMDAwLCJkZWxldGUiOjE4MDAwMDAwMDAwMDAsInJlYWQiOjMwMDAwMDAwMDAwMCwidXBkYXRlIjoxODAwMDAwMDAwMDAwfX0=",
          "dependencies": [
            "azurerm_network_interface.my-vmssnic",
            "azurerm_network_security_group.my-security",
            "azurerm_resource_group.my-f23-rg",
            "azurerm_subnet.third-subnet",
            "azurerm_virtual_network.my-network"
          ]
        }
      ]
    },
    {
      "mode": "managed",
      "type": "azurerm_network_security_group",
      "name": "my-security",
      "provider": "provider[\"registry.terraform.io/hashicorp/azurerm\"]",
      "instances": [
        {
          "schema_version": 0,
          "attributes": {
            "id": "/subscriptions/6ea6f9f7-0a28-45a1-b63d-c045d73026f2/resourceGroups/my-f23-rg/providers/Microsoft.Network/networkSecurityGroups/acceptanceTestSecurityGroup1",
            "location": "eastus2",
            "name": "acceptanceTestSecurityGroup1",
            "resource_group_name": "my-f23-rg",
            "security_rule": [
              {
                "access": "Allow",
                "description": "",
                "destination_address_prefix": "*",
                "destination_address_prefixes": [],
                "destination_application_security_group_ids": [],
                "destination_port_range": "*",
                "destination_port_ranges": [],
                "direction": "Inbound",
                "name": "test",
                "priority": 120,
                "protocol": "Tcp",
                "source_address_prefix": "AzureLoadBalancer",
                "source_address_prefixes": [],
                "source_application_security_group_ids": [],
                "source_port_range": "*",
                "source_port_ranges": []
              },
              {
                "access": "Allow",
                "description": "",
                "destination_address_prefix": "*",
                "destination_address_prefixes": [],
                "destination_application_security_group_ids": [],
                "destination_port_range": "65200-65535",
                "destination_port_ranges": [],
                "direction": "Inbound",
                "name": "mytest",
                "priority": 130,
                "protocol": "Tcp",
                "source_address_prefix": "*",
                "source_address_prefixes": [],
                "source_application_security_group_ids": [],
                "source_port_range": "*",
                "source_port_ranges": []
              },
              {
                "access": "Allow",
                "description": "",
                "destination_address_prefix": "*",
                "destination_address_prefixes": [],
                "destination_application_security_group_ids": [],
                "destination_port_range": "80",
                "destination_port_ranges": [],
                "direction": "Inbound",
                "name": "httpaccess",
                "priority": 100,
                "protocol": "Tcp",
                "source_address_prefix": "*",
                "source_address_prefixes": [],
                "source_application_security_group_ids": [],
                "source_port_range": "*",
                "source_port_ranges": []
              }
            ],
            "tags": {
              "environment": "Production"
            },
            "timeouts": null
          },
          "sensitive_attributes": [],
          "private": "eyJlMmJmYjczMC1lY2FhLTExZTYtOGY4OC0zNDM2M2JjN2M0YzAiOnsiY3JlYXRlIjoxODAwMDAwMDAwMDAwLCJkZWxldGUiOjE4MDAwMDAwMDAwMDAsInJlYWQiOjMwMDAwMDAwMDAwMCwidXBkYXRlIjoxODAwMDAwMDAwMDAwfX0=",
          "dependencies": [
            "azurerm_resource_group.my-f23-rg"
          ]
        }
      ]
    },
    {
      "mode": "managed",
      "type": "azurerm_public_ip",
      "name": "agw-ip",
      "provider": "provider[\"registry.terraform.io/hashicorp/azurerm\"]",
      "instances": [
        {
          "schema_version": 0,
          "attributes": {
            "allocation_method": "Static",
            "ddos_protection_mode": "VirtualNetworkInherited",
            "ddos_protection_plan_id": null,
            "domain_name_label": "myproject",
            "edge_zone": "",
            "fqdn": "myproject.eastus2.cloudapp.azure.com",
            "id": "/subscriptions/6ea6f9f7-0a28-45a1-b63d-c045d73026f2/resourceGroups/my-f23-rg/providers/Microsoft.Network/publicIPAddresses/my-agw-ip",
            "idle_timeout_in_minutes": 4,
            "ip_address": "20.10.16.126",
            "ip_tags": {},
            "ip_version": "IPv4",
            "location": "eastus2",
            "name": "my-agw-ip",
            "public_ip_prefix_id": null,
            "resource_group_name": "my-f23-rg",
            "reverse_fqdn": "",
            "sku": "Standard",
            "sku_tier": "Regional",
            "tags": {},
            "timeouts": null,
            "zones": []
          },
          "sensitive_attributes": [],
          "private": "eyJlMmJmYjczMC1lY2FhLTExZTYtOGY4OC0zNDM2M2JjN2M0YzAiOnsiY3JlYXRlIjoxODAwMDAwMDAwMDAwLCJkZWxldGUiOjE4MDAwMDAwMDAwMDAsInJlYWQiOjMwMDAwMDAwMDAwMCwidXBkYXRlIjoxODAwMDAwMDAwMDAwfX0=",
          "dependencies": [
            "azurerm_resource_group.my-f23-rg"
          ]
        }
      ]
    },
    {
      "mode": "managed",
      "type": "azurerm_public_ip",
      "name": "nat-ip",
      "provider": "provider[\"registry.terraform.io/hashicorp/azurerm\"]",
      "instances": [
        {
          "schema_version": 0,
          "attributes": {
            "allocation_method": "Static",
            "ddos_protection_mode": "VirtualNetworkInherited",
            "ddos_protection_plan_id": null,
            "domain_name_label": "mytryproject",
            "edge_zone": "",
            "fqdn": "mytryproject.eastus2.cloudapp.azure.com",
            "id": "/subscriptions/6ea6f9f7-0a28-45a1-b63d-c045d73026f2/resourceGroups/my-f23-rg/providers/Microsoft.Network/publicIPAddresses/my-nat-ip",
            "idle_timeout_in_minutes": 4,
            "ip_address": "20.10.21.89",
            "ip_tags": {},
            "ip_version": "IPv4",
            "location": "eastus2",
            "name": "my-nat-ip",
            "public_ip_prefix_id": null,
            "resource_group_name": "my-f23-rg",
            "reverse_fqdn": "",
            "sku": "Standard",
            "sku_tier": "Regional",
            "tags": {},
            "timeouts": null,
            "zones": []
          },
          "sensitive_attributes": [],
          "private": "eyJlMmJmYjczMC1lY2FhLTExZTYtOGY4OC0zNDM2M2JjN2M0YzAiOnsiY3JlYXRlIjoxODAwMDAwMDAwMDAwLCJkZWxldGUiOjE4MDAwMDAwMDAwMDAsInJlYWQiOjMwMDAwMDAwMDAwMCwidXBkYXRlIjoxODAwMDAwMDAwMDAwfX0=",
          "dependencies": [
            "azurerm_resource_group.my-f23-rg"
          ]
        }
      ]
    },
    {
      "mode": "managed",
      "type": "azurerm_resource_group",
      "name": "my-f23-rg",
      "provider": "provider[\"registry.terraform.io/hashicorp/azurerm\"]",
      "instances": [
        {
          "schema_version": 0,
          "attributes": {
            "id": "/subscriptions/6ea6f9f7-0a28-45a1-b63d-c045d73026f2/resourceGroups/my-f23-rg",
            "location": "eastus2",
            "name": "my-f23-rg",
            "tags": {},
            "timeouts": null
          },
          "sensitive_attributes": [],
          "private": "eyJlMmJmYjczMC1lY2FhLTExZTYtOGY4OC0zNDM2M2JjN2M0YzAiOnsiY3JlYXRlIjo1NDAwMDAwMDAwMDAwLCJkZWxldGUiOjU0MDAwMDAwMDAwMDAsInJlYWQiOjMwMDAwMDAwMDAwMCwidXBkYXRlIjo1NDAwMDAwMDAwMDAwfX0=",
          "create_before_destroy": true
        }
      ]
    },
    {
      "mode": "managed",
      "type": "azurerm_shared_image",
      "name": "my-shared-gallery",
      "provider": "provider[\"registry.terraform.io/hashicorp/azurerm\"]",
      "instances": [
        {
          "schema_version": 0,
          "attributes": {
            "accelerated_network_support_enabled": false,
            "architecture": "x64",
            "confidential_vm_enabled": false,
            "confidential_vm_supported": false,
            "description": "Image Definition in Shared Image Gallery",
            "disk_types_not_allowed": [],
            "end_of_life_date": null,
            "eula": "",
            "gallery_name": "my_gallery",
            "hyper_v_generation": "V1",
            "id": "/subscriptions/6ea6f9f7-0a28-45a1-b63d-c045d73026f2/resourceGroups/my-f23-rg/providers/Microsoft.Compute/galleries/my_gallery/images/my-template",
            "identifier": [
              {
                "offer": "OfferName",
                "publisher": "David_Akalugo",
                "sku": "MySku"
              }
            ],
            "location": "eastus2",
            "max_recommended_memory_in_gb": 0,
            "max_recommended_vcpu_count": 0,
            "min_recommended_memory_in_gb": 0,
            "min_recommended_vcpu_count": 0,
            "name": "my-template",
            "os_type": "Windows",
            "privacy_statement_uri": "",
            "purchase_plan": [],
            "release_note_uri": "",
            "resource_group_name": "my-f23-rg",
            "specialized": false,
            "tags": {},
            "timeouts": null,
            "trusted_launch_enabled": false
          },
          "sensitive_attributes": [],
          "private": "eyJlMmJmYjczMC1lY2FhLTExZTYtOGY4OC0zNDM2M2JjN2M0YzAiOnsiY3JlYXRlIjoxODAwMDAwMDAwMDAwLCJkZWxldGUiOjE4MDAwMDAwMDAwMDAsInJlYWQiOjMwMDAwMDAwMDAwMCwidXBkYXRlIjoxODAwMDAwMDAwMDAwfX0=",
          "dependencies": [
            "azurerm_resource_group.my-f23-rg",
            "azurerm_shared_image_gallery.my-gallery"
          ]
        }
      ]
    },
    {
      "mode": "managed",
      "type": "azurerm_shared_image_gallery",
      "name": "my-gallery",
      "provider": "provider[\"registry.terraform.io/hashicorp/azurerm\"]",
      "instances": [
        {
          "schema_version": 0,
          "attributes": {
            "description": "Shared Image Gallery for Norway and US East 2",
            "id": "/subscriptions/6ea6f9f7-0a28-45a1-b63d-c045d73026f2/resourceGroups/my-f23-rg/providers/Microsoft.Compute/galleries/my_gallery",
            "location": "eastus2",
            "name": "my_gallery",
            "resource_group_name": "my-f23-rg",
            "tags": {},
            "timeouts": null,
            "unique_name": "6ea6f9f7-0a28-45a1-b63d-c045d73026f2-MY_GALLERY"
          },
          "sensitive_attributes": [],
          "private": "eyJlMmJmYjczMC1lY2FhLTExZTYtOGY4OC0zNDM2M2JjN2M0YzAiOnsiY3JlYXRlIjoxODAwMDAwMDAwMDAwLCJkZWxldGUiOjE4MDAwMDAwMDAwMDAsInJlYWQiOjMwMDAwMDAwMDAwMCwidXBkYXRlIjoxODAwMDAwMDAwMDAwfX0=",
          "dependencies": [
            "azurerm_resource_group.my-f23-rg"
          ]
        }
      ]
    },
    {
      "mode": "managed",
      "type": "azurerm_subnet",
      "name": "my-sec-subnet",
      "provider": "provider[\"registry.terraform.io/hashicorp/azurerm\"]",
      "instances": [
        {
          "schema_version": 0,
          "attributes": {
            "address_prefixes": [
              "192.168.0.0/24"
            ],
            "delegation": [],
            "enforce_private_link_endpoint_network_policies": false,
            "enforce_private_link_service_network_policies": false,
            "id": "/subscriptions/6ea6f9f7-0a28-45a1-b63d-c045d73026f2/resourceGroups/my-f23-rg/providers/Microsoft.Network/virtualNetworks/my-network/subnets/my-sec-subnet",
            "name": "my-sec-subnet",
            "private_endpoint_network_policies_enabled": true,
            "private_link_service_network_policies_enabled": true,
            "resource_group_name": "my-f23-rg",
            "service_endpoint_policy_ids": [],
            "service_endpoints": [],
            "timeouts": null,
            "virtual_network_name": "my-network"
          },
          "sensitive_attributes": [],
          "private": "eyJlMmJmYjczMC1lY2FhLTExZTYtOGY4OC0zNDM2M2JjN2M0YzAiOnsiY3JlYXRlIjoxODAwMDAwMDAwMDAwLCJkZWxldGUiOjE4MDAwMDAwMDAwMDAsInJlYWQiOjMwMDAwMDAwMDAwMCwidXBkYXRlIjoxODAwMDAwMDAwMDAwfX0=",
          "dependencies": [
            "azurerm_resource_group.my-f23-rg",
            "azurerm_virtual_network.my-network"
          ]
        }
      ]
    },
    {
      "mode": "managed",
      "type": "azurerm_subnet",
      "name": "my-subnet",
      "provider": "provider[\"registry.terraform.io/hashicorp/azurerm\"]",
      "instances": [
        {
          "schema_version": 0,
          "attributes": {
            "address_prefixes": [
              "192.168.21.0/24"
            ],
            "delegation": [],
            "enforce_private_link_endpoint_network_policies": false,
            "enforce_private_link_service_network_policies": false,
            "id": "/subscriptions/6ea6f9f7-0a28-45a1-b63d-c045d73026f2/resourceGroups/my-f23-rg/providers/Microsoft.Network/virtualNetworks/my-network/subnets/my-subnet",
            "name": "my-subnet",
            "private_endpoint_network_policies_enabled": true,
            "private_link_service_network_policies_enabled": true,
            "resource_group_name": "my-f23-rg",
            "service_endpoint_policy_ids": [],
            "service_endpoints": [],
            "timeouts": null,
            "virtual_network_name": "my-network"
          },
          "sensitive_attributes": [],
          "private": "eyJlMmJmYjczMC1lY2FhLTExZTYtOGY4OC0zNDM2M2JjN2M0YzAiOnsiY3JlYXRlIjoxODAwMDAwMDAwMDAwLCJkZWxldGUiOjE4MDAwMDAwMDAwMDAsInJlYWQiOjMwMDAwMDAwMDAwMCwidXBkYXRlIjoxODAwMDAwMDAwMDAwfX0=",
          "dependencies": [
            "azurerm_resource_group.my-f23-rg",
            "azurerm_virtual_network.my-network"
          ]
        }
      ]
    },
    {
      "mode": "managed",
      "type": "azurerm_subnet",
      "name": "third-subnet",
      "provider": "provider[\"registry.terraform.io/hashicorp/azurerm\"]",
      "instances": [
        {
          "schema_version": 0,
          "attributes": {
            "address_prefixes": [
              "192.168.1.0/24"
            ],
            "delegation": [],
            "enforce_private_link_endpoint_network_policies": false,
            "enforce_private_link_service_network_policies": false,
            "id": "/subscriptions/6ea6f9f7-0a28-45a1-b63d-c045d73026f2/resourceGroups/my-f23-rg/providers/Microsoft.Network/virtualNetworks/my-network/subnets/third-subnet",
            "name": "third-subnet",
            "private_endpoint_network_policies_enabled": true,
            "private_link_service_network_policies_enabled": true,
            "resource_group_name": "my-f23-rg",
            "service_endpoint_policy_ids": [],
            "service_endpoints": [],
            "timeouts": null,
            "virtual_network_name": "my-network"
          },
          "sensitive_attributes": [],
          "private": "eyJlMmJmYjczMC1lY2FhLTExZTYtOGY4OC0zNDM2M2JjN2M0YzAiOnsiY3JlYXRlIjoxODAwMDAwMDAwMDAwLCJkZWxldGUiOjE4MDAwMDAwMDAwMDAsInJlYWQiOjMwMDAwMDAwMDAwMCwidXBkYXRlIjoxODAwMDAwMDAwMDAwfX0=",
          "dependencies": [
            "azurerm_resource_group.my-f23-rg",
            "azurerm_virtual_network.my-network"
          ]
        }
      ]
    },
    {
      "mode": "managed",
      "type": "azurerm_subnet_network_security_group_association",
      "name": "agsubnet",
      "provider": "provider[\"registry.terraform.io/hashicorp/azurerm\"]",
      "instances": [
        {
          "schema_version": 0,
          "attributes": {
            "id": "/subscriptions/6ea6f9f7-0a28-45a1-b63d-c045d73026f2/resourceGroups/my-f23-rg/providers/Microsoft.Network/virtualNetworks/my-network/subnets/my-subnet",
            "network_security_group_id": "/subscriptions/6ea6f9f7-0a28-45a1-b63d-c045d73026f2/resourceGroups/my-f23-rg/providers/Microsoft.Network/networkSecurityGroups/acceptanceTestSecurityGroup1",
            "subnet_id": "/subscriptions/6ea6f9f7-0a28-45a1-b63d-c045d73026f2/resourceGroups/my-f23-rg/providers/Microsoft.Network/virtualNetworks/my-network/subnets/my-subnet",
            "timeouts": null
          },
          "sensitive_attributes": [],
          "private": "eyJlMmJmYjczMC1lY2FhLTExZTYtOGY4OC0zNDM2M2JjN2M0YzAiOnsiY3JlYXRlIjoxODAwMDAwMDAwMDAwLCJkZWxldGUiOjE4MDAwMDAwMDAwMDAsInJlYWQiOjMwMDAwMDAwMDAwMCwidXBkYXRlIjoxODAwMDAwMDAwMDAwfX0=",
          "dependencies": [
            "azurerm_network_security_group.my-security",
            "azurerm_resource_group.my-f23-rg",
            "azurerm_subnet.my-subnet",
            "azurerm_virtual_network.my-network"
          ]
        }
      ]
    },
    {
      "mode": "managed",
      "type": "azurerm_subnet_network_security_group_association",
      "name": "subnet",
      "provider": "provider[\"registry.terraform.io/hashicorp/azurerm\"]",
      "instances": [
        {
          "schema_version": 0,
          "attributes": {
            "id": "/subscriptions/6ea6f9f7-0a28-45a1-b63d-c045d73026f2/resourceGroups/my-f23-rg/providers/Microsoft.Network/virtualNetworks/my-network/subnets/third-subnet",
            "network_security_group_id": "/subscriptions/6ea6f9f7-0a28-45a1-b63d-c045d73026f2/resourceGroups/my-f23-rg/providers/Microsoft.Network/networkSecurityGroups/acceptanceTestSecurityGroup1",
            "subnet_id": "/subscriptions/6ea6f9f7-0a28-45a1-b63d-c045d73026f2/resourceGroups/my-f23-rg/providers/Microsoft.Network/virtualNetworks/my-network/subnets/third-subnet",
            "timeouts": null
          },
          "sensitive_attributes": [],
          "private": "eyJlMmJmYjczMC1lY2FhLTExZTYtOGY4OC0zNDM2M2JjN2M0YzAiOnsiY3JlYXRlIjoxODAwMDAwMDAwMDAwLCJkZWxldGUiOjE4MDAwMDAwMDAwMDAsInJlYWQiOjMwMDAwMDAwMDAwMCwidXBkYXRlIjoxODAwMDAwMDAwMDAwfX0=",
          "dependencies": [
            "azurerm_network_security_group.my-security",
            "azurerm_resource_group.my-f23-rg",
            "azurerm_subnet.third-subnet",
            "azurerm_virtual_network.my-network"
          ]
        }
      ]
    },
    {
      "mode": "managed",
      "type": "azurerm_traffic_manager_azure_endpoint",
      "name": "eastus",
      "provider": "provider[\"registry.terraform.io/hashicorp/azurerm\"]",
      "instances": [
        {
          "schema_version": 0,
          "attributes": {
            "custom_header": [],
            "enabled": true,
            "geo_mappings": [
              "GEO-NA",
              "GEO-AF"
            ],
            "id": "/subscriptions/6ea6f9f7-0a28-45a1-b63d-c045d73026f2/resourceGroups/my-f23-rg/providers/Microsoft.Network/trafficManagerProfiles/ahbysj/AzureEndpoints/example-endpoint",
            "name": "example-endpoint",
            "priority": 1,
            "profile_id": "/subscriptions/6ea6f9f7-0a28-45a1-b63d-c045d73026f2/resourceGroups/my-f23-rg/providers/Microsoft.Network/trafficManagerProfiles/ahbysj",
            "subnet": [],
            "target_resource_id": "/subscriptions/6ea6f9f7-0a28-45a1-b63d-c045d73026f2/resourceGroups/my-f23-rg/providers/Microsoft.Network/publicIPAddresses/my-agw-ip",
            "timeouts": null,
            "weight": 100
          },
          "sensitive_attributes": [],
          "private": "eyJlMmJmYjczMC1lY2FhLTExZTYtOGY4OC0zNDM2M2JjN2M0YzAiOnsiY3JlYXRlIjoxODAwMDAwMDAwMDAwLCJkZWxldGUiOjE4MDAwMDAwMDAwMDAsInJlYWQiOjMwMDAwMDAwMDAwMCwidXBkYXRlIjoxODAwMDAwMDAwMDAwfX0=",
          "dependencies": [
            "azurerm_public_ip.agw-ip",
            "azurerm_resource_group.my-f23-rg",
            "azurerm_traffic_manager_profile.my-traffic",
            "random_string.azurerm_traffic_manager_profile_dns_config",
            "random_string.myrandom"
          ]
        }
      ]
    },
    {
      "mode": "managed",
      "type": "azurerm_traffic_manager_profile",
      "name": "my-traffic",
      "provider": "provider[\"registry.terraform.io/hashicorp/azurerm\"]",
      "instances": [
        {
          "schema_version": 0,
          "attributes": {
            "dns_config": [
              {
                "relative_name": "rcsjcqmknx",
                "ttl": 100
              }
            ],
            "fqdn": "rcsjcqmknx.trafficmanager.net",
            "id": "/subscriptions/6ea6f9f7-0a28-45a1-b63d-c045d73026f2/resourceGroups/my-f23-rg/providers/Microsoft.Network/trafficManagerProfiles/ahbysj",
            "max_return": 0,
            "monitor_config": [
              {
                "custom_header": [],
                "expected_status_code_ranges": [],
                "interval_in_seconds": 30,
                "path": "/",
                "port": 80,
                "protocol": "HTTP",
                "timeout_in_seconds": 9,
                "tolerated_number_of_failures": 3
              }
            ],
            "name": "ahbysj",
            "profile_status": "Enabled",
            "resource_group_name": "my-f23-rg",
            "tags": {
              "environment": "Production"
            },
            "timeouts": null,
            "traffic_routing_method": "Geographic",
            "traffic_view_enabled": false
          },
          "sensitive_attributes": [],
          "private": "eyJlMmJmYjczMC1lY2FhLTExZTYtOGY4OC0zNDM2M2JjN2M0YzAiOnsiY3JlYXRlIjoxODAwMDAwMDAwMDAwLCJkZWxldGUiOjE4MDAwMDAwMDAwMDAsInJlYWQiOjMwMDAwMDAwMDAwMCwidXBkYXRlIjoxODAwMDAwMDAwMDAwfX0=",
          "dependencies": [
            "azurerm_resource_group.my-f23-rg",
            "random_string.azurerm_traffic_manager_profile_dns_config",
            "random_string.myrandom"
          ]
        }
      ]
    },
    {
      "mode": "managed",
      "type": "azurerm_user_assigned_identity",
      "name": "identity",
      "provider": "provider[\"registry.terraform.io/hashicorp/azurerm\"]",
      "instances": [
        {
          "schema_version": 1,
          "attributes": {
            "client_id": "41997c3d-3785-4bab-9346-2fef732d66ac",
            "id": "/subscriptions/6ea6f9f7-0a28-45a1-b63d-c045d73026f2/resourceGroups/my-f23-rg/providers/Microsoft.ManagedIdentity/userAssignedIdentities/example-identity",
            "location": "eastus2",
            "name": "example-identity",
            "principal_id": "5f80f6bf-18ec-4db2-ba6e-f032b0366e83",
            "resource_group_name": "my-f23-rg",
            "tags": {},
            "tenant_id": "03024f44-e3ad-4b2c-b85b-d1a744b0b70f",
            "timeouts": null
          },
          "sensitive_attributes": [],
          "private": "eyJlMmJmYjczMC1lY2FhLTExZTYtOGY4OC0zNDM2M2JjN2M0YzAiOnsiY3JlYXRlIjoxODAwMDAwMDAwMDAwLCJkZWxldGUiOjE4MDAwMDAwMDAwMDAsInJlYWQiOjMwMDAwMDAwMDAwMCwidXBkYXRlIjoxODAwMDAwMDAwMDAwfSwic2NoZW1hX3ZlcnNpb24iOiIxIn0=",
          "dependencies": [
            "azurerm_resource_group.my-f23-rg"
          ]
        }
      ]
    },
    {
      "mode": "managed",
      "type": "azurerm_virtual_network",
      "name": "my-network",
      "provider": "provider[\"registry.terraform.io/hashicorp/azurerm\"]",
      "instances": [
        {
          "schema_version": 0,
          "attributes": {
            "address_space": [
              "192.168.0.0/16"
            ],
            "bgp_community": "",
            "ddos_protection_plan": [],
            "dns_servers": [],
            "edge_zone": "",
            "flow_timeout_in_minutes": 0,
            "guid": "d4c95d34-50c6-461b-90a7-f64038417e92",
            "id": "/subscriptions/6ea6f9f7-0a28-45a1-b63d-c045d73026f2/resourceGroups/my-f23-rg/providers/Microsoft.Network/virtualNetworks/my-network",
            "location": "eastus2",
            "name": "my-network",
            "resource_group_name": "my-f23-rg",
            "subnet": [
              {
                "address_prefix": "192.168.0.0/24",
                "id": "/subscriptions/6ea6f9f7-0a28-45a1-b63d-c045d73026f2/resourceGroups/my-f23-rg/providers/Microsoft.Network/virtualNetworks/my-network/subnets/my-sec-subnet",
                "name": "my-sec-subnet",
                "security_group": ""
              },
              {
                "address_prefix": "192.168.1.0/24",
                "id": "/subscriptions/6ea6f9f7-0a28-45a1-b63d-c045d73026f2/resourceGroups/my-f23-rg/providers/Microsoft.Network/virtualNetworks/my-network/subnets/third-subnet",
                "name": "third-subnet",
                "security_group": "/subscriptions/6ea6f9f7-0a28-45a1-b63d-c045d73026f2/resourceGroups/my-f23-rg/providers/Microsoft.Network/networkSecurityGroups/acceptanceTestSecurityGroup1"
              },
              {
                "address_prefix": "192.168.21.0/24",
                "id": "/subscriptions/6ea6f9f7-0a28-45a1-b63d-c045d73026f2/resourceGroups/my-f23-rg/providers/Microsoft.Network/virtualNetworks/my-network/subnets/my-subnet",
                "name": "my-subnet",
                "security_group": "/subscriptions/6ea6f9f7-0a28-45a1-b63d-c045d73026f2/resourceGroups/my-f23-rg/providers/Microsoft.Network/networkSecurityGroups/acceptanceTestSecurityGroup1"
              }
            ],
            "tags": {},
            "timeouts": null
          },
          "sensitive_attributes": [],
          "private": "eyJlMmJmYjczMC1lY2FhLTExZTYtOGY4OC0zNDM2M2JjN2M0YzAiOnsiY3JlYXRlIjoxODAwMDAwMDAwMDAwLCJkZWxldGUiOjE4MDAwMDAwMDAwMDAsInJlYWQiOjMwMDAwMDAwMDAwMCwidXBkYXRlIjoxODAwMDAwMDAwMDAwfX0=",
          "dependencies": [
            "azurerm_resource_group.my-f23-rg"
          ]
        }
      ]
    },
    {
      "mode": "managed",
      "type": "azurerm_windows_virtual_machine_scale_set",
      "name": "my-scale-set",
      "provider": "provider[\"registry.terraform.io/hashicorp/azurerm\"]",
      "instances": [
        {
          "schema_version": 0,
          "attributes": {
            "additional_capabilities": [],
            "additional_unattend_content": [],
            "admin_password": "phunkeeb100*",
            "admin_username": "azureuser",
            "automatic_instance_repair": [
              {
                "enabled": false,
                "grace_period": "PT30M"
              }
            ],
            "automatic_os_upgrade_policy": [],
            "boot_diagnostics": [],
            "capacity_reservation_group_id": "",
            "computer_name_prefix": "my-vmss",
            "custom_data": null,
            "data_disk": [],
            "do_not_run_extensions_on_overprovisioned_machines": false,
            "edge_zone": "",
            "enable_automatic_updates": true,
            "encryption_at_host_enabled": false,
            "eviction_policy": "",
            "extension": [],
            "extension_operations_enabled": true,
            "extensions_time_budget": "PT1H30M",
            "gallery_application": [],
            "gallery_applications": [],
            "health_probe_id": "",
            "host_group_id": null,
            "id": "/subscriptions/6ea6f9f7-0a28-45a1-b63d-c045d73026f2/resourceGroups/my-f23-rg/providers/Microsoft.Compute/virtualMachineScaleSets/my-vmss",
            "identity": [],
            "instances": 2,
            "license_type": "",
            "location": "eastus2",
            "max_bid_price": -1,
            "name": "my-vmss",
            "network_interface": [
              {
                "dns_servers": [],
                "enable_accelerated_networking": false,
                "enable_ip_forwarding": false,
                "ip_configuration": [
                  {
                    "application_gateway_backend_address_pool_ids": [
                      "/subscriptions/6ea6f9f7-0a28-45a1-b63d-c045d73026f2/resourceGroups/my-f23-rg/providers/Microsoft.Network/applicationGateways/my-agw/backendAddressPools/my-backend-address-pool"
                    ],
                    "application_security_group_ids": [],
                    "load_balancer_backend_address_pool_ids": [],
                    "load_balancer_inbound_nat_rules_ids": [],
                    "name": "internal",
                    "primary": true,
                    "public_ip_address": [],
                    "subnet_id": "/subscriptions/6ea6f9f7-0a28-45a1-b63d-c045d73026f2/resourceGroups/my-f23-rg/providers/Microsoft.Network/virtualNetworks/my-network/subnets/third-subnet",
                    "version": "IPv4"
                  }
                ],
                "name": "my-net-profile",
                "network_security_group_id": "/subscriptions/6ea6f9f7-0a28-45a1-b63d-c045d73026f2/resourceGroups/my-f23-rg/providers/Microsoft.Network/networkSecurityGroups/acceptanceTestSecurityGroup1",
                "primary": true
              }
            ],
            "os_disk": [
              {
                "caching": "ReadWrite",
                "diff_disk_settings": [],
                "disk_encryption_set_id": "",
                "disk_size_gb": 127,
                "secure_vm_disk_encryption_set_id": "",
                "security_encryption_type": "",
                "storage_account_type": "Standard_LRS",
                "write_accelerator_enabled": false
              }
            ],
            "overprovision": true,
            "plan": [],
            "platform_fault_domain_count": 0,
            "priority": "Regular",
            "provision_vm_agent": true,
            "proximity_placement_group_id": "",
            "resource_group_name": "my-f23-rg",
            "rolling_upgrade_policy": [],
            "scale_in": [
              {
                "force_deletion_enabled": false,
                "rule": "Default"
              }
            ],
            "scale_in_policy": "Default",
            "secret": [],
            "secure_boot_enabled": false,
            "single_placement_group": true,
            "sku": "Standard_DS1_v2",
            "source_image_id": "/subscriptions/6ea6f9f7-0a28-45a1-b63d-c045d73026f2/resourceGroups/my-f23-rg/providers/Microsoft.Compute/galleries/my_gallery/images/my-template/versions/0.0.2",
            "source_image_reference": [],
            "spot_restore": [],
            "tags": {},
            "terminate_notification": [],
            "termination_notification": [],
            "timeouts": null,
            "timezone": "",
            "unique_id": "e38a3915-f698-4f60-9b17-332cc094e1a3",
            "upgrade_mode": "Manual",
            "user_data": "",
            "vtpm_enabled": false,
            "winrm_listener": [],
            "zone_balance": false,
            "zones": []
          },
          "sensitive_attributes": [],
          "private": "eyJlMmJmYjczMC1lY2FhLTExZTYtOGY4OC0zNDM2M2JjN2M0YzAiOnsiY3JlYXRlIjozNjAwMDAwMDAwMDAwLCJkZWxldGUiOjM2MDAwMDAwMDAwMDAsInJlYWQiOjMwMDAwMDAwMDAwMCwidXBkYXRlIjozNjAwMDAwMDAwMDAwfX0=",
          "dependencies": [
            "azurerm_application_gateway.agw",
            "azurerm_key_vault.kv",
            "azurerm_key_vault_access_policy.key_vault_default_policy",
            "azurerm_key_vault_certificate.certificate",
            "azurerm_network_security_group.my-security",
            "azurerm_public_ip.agw-ip",
            "azurerm_resource_group.my-f23-rg",
            "azurerm_subnet.my-subnet",
            "azurerm_subnet.third-subnet",
            "azurerm_user_assigned_identity.identity",
            "azurerm_virtual_network.my-network",
            "data.azurerm_client_config.current"
          ]
        }
      ]
    },
    {
      "mode": "managed",
      "type": "null_resource",
      "name": "deallocate",
      "provider": "provider[\"registry.terraform.io/hashicorp/null\"]",
      "instances": [
        {
          "schema_version": 0,
          "attributes": {
            "id": "4049831869154620138",
            "triggers": null
          },
          "sensitive_attributes": []
        }
      ]
    },
    {
      "mode": "managed",
      "type": "null_resource",
      "name": "generalize",
      "provider": "provider[\"registry.terraform.io/hashicorp/null\"]",
      "instances": [
        {
          "schema_version": 0,
          "attributes": {
            "id": "7190078400570206117",
            "triggers": null
          },
          "sensitive_attributes": [],
          "dependencies": [
            "null_resource.deallocate"
          ]
        }
      ]
    },
    {
      "mode": "managed",
      "type": "random_string",
      "name": "azurerm_traffic_manager_profile_dns_config",
      "provider": "provider[\"registry.terraform.io/hashicorp/random\"]",
      "instances": [
        {
          "schema_version": 2,
          "attributes": {
            "id": "rcsjcqmknx",
            "keepers": null,
            "length": 10,
            "lower": true,
            "min_lower": 0,
            "min_numeric": 0,
            "min_special": 0,
            "min_upper": 0,
            "number": false,
            "numeric": false,
            "override_special": null,
            "result": "rcsjcqmknx",
            "special": false,
            "upper": false
          },
          "sensitive_attributes": []
        }
      ]
    },
    {
      "mode": "managed",
      "type": "random_string",
      "name": "myrandom",
      "provider": "provider[\"registry.terraform.io/hashicorp/random\"]",
      "instances": [
        {
          "schema_version": 2,
          "attributes": {
            "id": "ahbysj",
            "keepers": null,
            "length": 6,
            "lower": true,
            "min_lower": 0,
            "min_numeric": 0,
            "min_special": 0,
            "min_upper": 0,
            "number": false,
            "numeric": false,
            "override_special": null,
            "result": "ahbysj",
            "special": false,
            "upper": false
          },
          "sensitive_attributes": []
        }
      ]
    }
  ],
  "check_results": null
}
